
Microsoft Visual Studio Solution File, Format Version 12.00
# Visual Studio Version 17
VisualStudioVersion = 17.11.35222.181
MinimumVisualStudioVersion = 10.0.40219.1
Project("{FAE04EC0-301F-11D3-BF4B-00C04F79EFBC}") = "PatrickT_Assignment1", "PatrickT_Assignment1\PatrickT_Assignment1.csproj", "{508D3DA3-28DB-40BE-8A3F-EF3EA2DD9082}"
EndProject
Global
	GlobalSection(SolutionConfigurationPlatforms) = preSolution
		Debug|Any CPU = Debug|Any CPU
		Release|Any CPU = Release|Any CPU
	EndGlobalSection
	GlobalSection(ProjectConfigurationPlatforms) = postSolution
		{508D3DA3-28DB-40BE-8A3F-EF3EA2DD9082}.Debug|Any CPU.ActiveCfg = Debug|Any CPU
		{508D3DA3-28DB-40BE-8A3F-EF3EA2DD9082}.Debug|Any CPU.Build.0 = Debug|Any CPU
		{508D3DA3-28DB-40BE-8A3F-EF3EA2DD9082}.Release|Any CPU.ActiveCfg = Release|Any CPU
		{508D3DA3-28DB-40BE-8A3F-EF3EA2DD9082}.Release|Any CPU.Build.0 = Release|Any CPU
	EndGlobalSection
	GlobalSection(SolutionProperties) = preSolution
		HideSolutionNode = FALSE
	EndGlobalSection
	GlobalSection(ExtensibilityGlobals) = postSolution
		SolutionGuid = {8517FE64-A8D8-4884-924D-D47AC370293B}
	EndGlobalSection
EndGlobal
